
Microsoft Visual Studio Solution File, Format Version 12.00
# Visual Studio Version 17
VisualStudioVersion = 17.14.36429.23 d17.14
MinimumVisualStudioVersion = 10.0.40219.1
Project("{FAE04EC0-301F-11D3-BF4B-00C04F79EFBC}") = "Assignment05BankAccountSystem", "Assignment05BankTransactions\Assignment05BankAccountSystem.csproj", "{CC63D30A-2998-48CC-96DF-9A5491FE0CD0}"
EndProject
Global
	GlobalSection(SolutionConfigurationPlatforms) = preSolution
		Debug|Any CPU = Debug|Any CPU
		Release|Any CPU = Release|Any CPU
	EndGlobalSection
	GlobalSection(ProjectConfigurationPlatforms) = postSolution
		{CC63D30A-2998-48CC-96DF-9A5491FE0CD0}.Debug|Any CPU.ActiveCfg = Debug|Any CPU
		{CC63D30A-2998-48CC-96DF-9A5491FE0CD0}.Debug|Any CPU.Build.0 = Debug|Any CPU
		{CC63D30A-2998-48CC-96DF-9A5491FE0CD0}.Release|Any CPU.ActiveCfg = Release|Any CPU
		{CC63D30A-2998-48CC-96DF-9A5491FE0CD0}.Release|Any CPU.Build.0 = Release|Any CPU
	EndGlobalSection
	GlobalSection(SolutionProperties) = preSolution
		HideSolutionNode = FALSE
	EndGlobalSection
	GlobalSection(ExtensibilityGlobals) = postSolution
		SolutionGuid = {CEFC419D-F3C9-4347-A588-8E998C3111AD}
	EndGlobalSection
EndGlobal
