
Microsoft Visual Studio Solution File, Format Version 12.00
# Visual Studio Version 17
VisualStudioVersion = 17.14.36429.23 d17.14
MinimumVisualStudioVersion = 10.0.40219.1
Project("{FAE04EC0-301F-11D3-BF4B-00C04F79EFBC}") = "Assignment1-CurrencyConvertor", "Assignment1-CurrencyConvertor\Assignment1-CurrencyConvertor.csproj", "{C0BF4FCA-0184-4952-B8FD-6D1679187AC6}"
EndProject
Global
	GlobalSection(SolutionConfigurationPlatforms) = preSolution
		Debug|Any CPU = Debug|Any CPU
		Release|Any CPU = Release|Any CPU
	EndGlobalSection
	GlobalSection(ProjectConfigurationPlatforms) = postSolution
		{C0BF4FCA-0184-4952-B8FD-6D1679187AC6}.Debug|Any CPU.ActiveCfg = Debug|Any CPU
		{C0BF4FCA-0184-4952-B8FD-6D1679187AC6}.Debug|Any CPU.Build.0 = Debug|Any CPU
		{C0BF4FCA-0184-4952-B8FD-6D1679187AC6}.Release|Any CPU.ActiveCfg = Release|Any CPU
		{C0BF4FCA-0184-4952-B8FD-6D1679187AC6}.Release|Any CPU.Build.0 = Release|Any CPU
	EndGlobalSection
	GlobalSection(SolutionProperties) = preSolution
		HideSolutionNode = FALSE
	EndGlobalSection
	GlobalSection(ExtensibilityGlobals) = postSolution
		SolutionGuid = {113F90A6-B3A6-4C62-89B1-BFAA6180967F}
	EndGlobalSection
EndGlobal
