
Microsoft Visual Studio Solution File, Format Version 12.00
# Visual Studio Version 17
VisualStudioVersion = 17.14.36429.23 d17.14
MinimumVisualStudioVersion = 10.0.40219.1
Project("{FAE04EC0-301F-11D3-BF4B-00C04F79EFBC}") = "Assignment07FoodMenu", "Assignment07FoodMenu\Assignment07FoodMenu.csproj", "{F026D416-7BA1-429D-983C-2C925C1C2879}"
EndProject
Global
	GlobalSection(SolutionConfigurationPlatforms) = preSolution
		Debug|Any CPU = Debug|Any CPU
		Release|Any CPU = Release|Any CPU
	EndGlobalSection
	GlobalSection(ProjectConfigurationPlatforms) = postSolution
		{F026D416-7BA1-429D-983C-2C925C1C2879}.Debug|Any CPU.ActiveCfg = Debug|Any CPU
		{F026D416-7BA1-429D-983C-2C925C1C2879}.Debug|Any CPU.Build.0 = Debug|Any CPU
		{F026D416-7BA1-429D-983C-2C925C1C2879}.Release|Any CPU.ActiveCfg = Release|Any CPU
		{F026D416-7BA1-429D-983C-2C925C1C2879}.Release|Any CPU.Build.0 = Release|Any CPU
	EndGlobalSection
	GlobalSection(SolutionProperties) = preSolution
		HideSolutionNode = FALSE
	EndGlobalSection
	GlobalSection(ExtensibilityGlobals) = postSolution
		SolutionGuid = {529AC2BD-CC4A-4BB6-BBD8-6A8006A596E1}
	EndGlobalSection
EndGlobal
